<Solution>
  <Project Path="Assembly-CSharp.csproj" />
  <Project Path="UtilityScriptIWrite.csproj" />
  <Project Path="GlobalManagerScriptIWrite.csproj" />
  <Project Path="CameraScriptIWrite.csproj" />
  <Project Path="UIScriptIWrite.csproj" />
  <Project Path="Assembly-CSharp-Editor.csproj" />
  <Project Path="ScriptIWrite.csproj" />
  <Project Path="TileScriptIWrite.csproj" />
  <Project Path="TileManagerScriptIWrite.csproj" />
</Solution>
